
Microsoft Visual Studio Solution File, Format Version 12.00
# Visual Studio 15
VisualStudioVersion = 15.0.28307.106
MinimumVisualStudioVersion = 10.0.40219.1
Project("{FAE04EC0-301F-11D3-BF4B-00C04F79EFBC}") = "ArkSurvivalCalculator", "ArkSurvivalCalculator\ArkSurvivalCalculator.csproj", "{98C3135A-106E-4FD7-9C9D-7ECD8FB2E9BA}"
EndProject
Global
	GlobalSection(SolutionConfigurationPlatforms) = preSolution
		Debug|Any CPU = Debug|Any CPU
		Release|Any CPU = Release|Any CPU
	EndGlobalSection
	GlobalSection(ProjectConfigurationPlatforms) = postSolution
		{98C3135A-106E-4FD7-9C9D-7ECD8FB2E9BA}.Debug|Any CPU.ActiveCfg = Debug|Any CPU
		{98C3135A-106E-4FD7-9C9D-7ECD8FB2E9BA}.Debug|Any CPU.Build.0 = Debug|Any CPU
		{98C3135A-106E-4FD7-9C9D-7ECD8FB2E9BA}.Release|Any CPU.ActiveCfg = Release|Any CPU
		{98C3135A-106E-4FD7-9C9D-7ECD8FB2E9BA}.Release|Any CPU.Build.0 = Release|Any CPU
	EndGlobalSection
	GlobalSection(SolutionProperties) = preSolution
		HideSolutionNode = FALSE
	EndGlobalSection
	GlobalSection(ExtensibilityGlobals) = postSolution
		SolutionGuid = {54B3C980-2C1E-4EC8-AE26-49B65071DD07}
	EndGlobalSection
EndGlobal
